<?xml version="1.0" encoding="utf-8"?>
<Project ToolsVersion="4.0" xmlns="http://schemas.microsoft.com/developer/msbuild/2003">
  <ItemGroup>
    <ClCompile Include="src\Main.cpp" />
    <ClCompile Include="src\Game.cpp" />
    <ClCompile Include="src\Actor.cpp" />
    <ClCompile Include="src\Component.cpp" />
    <ClCompile Include="src\Math.cpp" />
    <ClCompile Include="src\SpriteComponent.cpp" />
    <ClCompile Include="src\DVDLogo.cpp" />
  </ItemGroup>
  <ItemGroup>
    <ClInclude Include="src\Game.h" />
    <ClInclude Include="src\Actor.h" />
    <ClInclude Include="src\Component.h" />
    <ClInclude Include="src\Math.h" />
    <ClInclude Include="src\SpriteComponent.h" />
    <ClInclude Include="src\DVDLogo.h" />
  </ItemGroup>
</Project>